
Microsoft Visual Studio Solution File, Format Version 12.00
# Visual Studio Version 17
VisualStudioVersion = 17.0.31903.59
MinimumVisualStudioVersion = 10.0.40219.1
Project("{FAE04EC0-301F-11D3-BF4B-00C04F79EFBC}") = "CustomAlarm.Xamarin.Android", "CustomAlarm.Xamarin\CustomAlarm.Xamarin.Android\CustomAlarm.Xamarin.Android.csproj", "{ABFEF781-883F-4DE9-8B6F-4A80B35DA96D}"
EndProject
Project("{FAE04EC0-301F-11D3-BF4B-00C04F79EFBC}") = "CustomAlarm.Xamarin.iOS", "CustomAlarm.Xamarin\CustomAlarm.Xamarin.iOS\CustomAlarm.Xamarin.iOS.csproj", "{E0E46864-1B75-47FF-B699-9025F72856AD}"
EndProject
Project("{FAE04EC0-301F-11D3-BF4B-00C04F79EFBC}") = "CustomAlarm.Xamarin", "CustomAlarm.Xamarin\CustomAlarm.Xamarin\CustomAlarm.Xamarin.csproj", "{E5D58284-DF15-4127-B91D-0D281635298A}"
EndProject
Global
	GlobalSection(SolutionConfigurationPlatforms) = preSolution
		Debug|Any CPU = Debug|Any CPU
		Debug|ARM = Debug|ARM
		Debug|iPhone = Debug|iPhone
		Debug|iPhoneSimulator = Debug|iPhoneSimulator
		Debug|x64 = Debug|x64
		Debug|x86 = Debug|x86
		Release|Any CPU = Release|Any CPU
		Release|ARM = Release|ARM
		Release|iPhone = Release|iPhone
		Release|iPhoneSimulator = Release|iPhoneSimulator
		Release|x64 = Release|x64
		Release|x86 = Release|x86
	EndGlobalSection
	GlobalSection(ProjectConfigurationPlatforms) = postSolution
		{ABFEF781-883F-4DE9-8B6F-4A80B35DA96D}.Debug|Any CPU.ActiveCfg = Debug|Any CPU
		{ABFEF781-883F-4DE9-8B6F-4A80B35DA96D}.Debug|Any CPU.Build.0 = Debug|Any CPU
		{ABFEF781-883F-4DE9-8B6F-4A80B35DA96D}.Debug|Any CPU.Deploy.0 = Debug|Any CPU
		{ABFEF781-883F-4DE9-8B6F-4A80B35DA96D}.Debug|ARM.ActiveCfg = Debug|Any CPU
		{ABFEF781-883F-4DE9-8B6F-4A80B35DA96D}.Debug|ARM.Build.0 = Debug|Any CPU
		{ABFEF781-883F-4DE9-8B6F-4A80B35DA96D}.Debug|ARM.Deploy.0 = Debug|Any CPU
		{ABFEF781-883F-4DE9-8B6F-4A80B35DA96D}.Debug|iPhone.ActiveCfg = Debug|Any CPU
		{ABFEF781-883F-4DE9-8B6F-4A80B35DA96D}.Debug|iPhone.Build.0 = Debug|Any CPU
		{ABFEF781-883F-4DE9-8B6F-4A80B35DA96D}.Debug|iPhone.Deploy.0 = Debug|Any CPU
		{ABFEF781-883F-4DE9-8B6F-4A80B35DA96D}.Debug|iPhoneSimulator.ActiveCfg = Debug|Any CPU
		{ABFEF781-883F-4DE9-8B6F-4A80B35DA96D}.Debug|iPhoneSimulator.Build.0 = Debug|Any CPU
		{ABFEF781-883F-4DE9-8B6F-4A80B35DA96D}.Debug|iPhoneSimulator.Deploy.0 = Debug|Any CPU
		{ABFEF781-883F-4DE9-8B6F-4A80B35DA96D}.Debug|x64.ActiveCfg = Debug|Any CPU
		{ABFEF781-883F-4DE9-8B6F-4A80B35DA96D}.Debug|x64.Build.0 = Debug|Any CPU
		{ABFEF781-883F-4DE9-8B6F-4A80B35DA96D}.Debug|x64.Deploy.0 = Debug|Any CPU
		{ABFEF781-883F-4DE9-8B6F-4A80B35DA96D}.Debug|x86.ActiveCfg = Debug|Any CPU
		{ABFEF781-883F-4DE9-8B6F-4A80B35DA96D}.Debug|x86.Build.0 = Debug|Any CPU
		{ABFEF781-883F-4DE9-8B6F-4A80B35DA96D}.Debug|x86.Deploy.0 = Debug|Any CPU
		{ABFEF781-883F-4DE9-8B6F-4A80B35DA96D}.Release|Any CPU.ActiveCfg = Release|Any CPU
		{ABFEF781-883F-4DE9-8B6F-4A80B35DA96D}.Release|Any CPU.Build.0 = Release|Any CPU
		{ABFEF781-883F-4DE9-8B6F-4A80B35DA96D}.Release|Any CPU.Deploy.0 = Release|Any CPU
		{ABFEF781-883F-4DE9-8B6F-4A80B35DA96D}.Release|ARM.ActiveCfg = Release|Any CPU
		{ABFEF781-883F-4DE9-8B6F-4A80B35DA96D}.Release|ARM.Build.0 = Release|Any CPU
		{ABFEF781-883F-4DE9-8B6F-4A80B35DA96D}.Release|ARM.Deploy.0 = Release|Any CPU
		{ABFEF781-883F-4DE9-8B6F-4A80B35DA96D}.Release|iPhone.ActiveCfg = Release|Any CPU
		{ABFEF781-883F-4DE9-8B6F-4A80B35DA96D}.Release|iPhone.Build.0 = Release|Any CPU
		{ABFEF781-883F-4DE9-8B6F-4A80B35DA96D}.Release|iPhone.Deploy.0 = Release|Any CPU
		{ABFEF781-883F-4DE9-8B6F-4A80B35DA96D}.Release|iPhoneSimulator.ActiveCfg = Release|Any CPU
		{ABFEF781-883F-4DE9-8B6F-4A80B35DA96D}.Release|iPhoneSimulator.Build.0 = Release|Any CPU
		{ABFEF781-883F-4DE9-8B6F-4A80B35DA96D}.Release|iPhoneSimulator.Deploy.0 = Release|Any CPU
		{ABFEF781-883F-4DE9-8B6F-4A80B35DA96D}.Release|x64.ActiveCfg = Release|Any CPU
		{ABFEF781-883F-4DE9-8B6F-4A80B35DA96D}.Release|x64.Build.0 = Release|Any CPU
		{ABFEF781-883F-4DE9-8B6F-4A80B35DA96D}.Release|x64.Deploy.0 = Release|Any CPU
		{ABFEF781-883F-4DE9-8B6F-4A80B35DA96D}.Release|x86.ActiveCfg = Release|Any CPU
		{ABFEF781-883F-4DE9-8B6F-4A80B35DA96D}.Release|x86.Build.0 = Release|Any CPU
		{ABFEF781-883F-4DE9-8B6F-4A80B35DA96D}.Release|x86.Deploy.0 = Release|Any CPU
		{E0E46864-1B75-47FF-B699-9025F72856AD}.Debug|Any CPU.ActiveCfg = Debug|iPhoneSimulator
		{E0E46864-1B75-47FF-B699-9025F72856AD}.Debug|Any CPU.Build.0 = Debug|iPhoneSimulator
		{E0E46864-1B75-47FF-B699-9025F72856AD}.Debug|Any CPU.Deploy.0 = Debug|iPhoneSimulator
		{E0E46864-1B75-47FF-B699-9025F72856AD}.Debug|ARM.ActiveCfg = Debug|iPhoneSimulator
		{E0E46864-1B75-47FF-B699-9025F72856AD}.Debug|ARM.Build.0 = Debug|iPhoneSimulator
		{E0E46864-1B75-47FF-B699-9025F72856AD}.Debug|ARM.Deploy.0 = Debug|iPhoneSimulator
		{E0E46864-1B75-47FF-B699-9025F72856AD}.Debug|iPhone.ActiveCfg = Debug|iPhone
		{E0E46864-1B75-47FF-B699-9025F72856AD}.Debug|iPhone.Build.0 = Debug|iPhone
		{E0E46864-1B75-47FF-B699-9025F72856AD}.Debug|iPhone.Deploy.0 = Debug|iPhone
		{E0E46864-1B75-47FF-B699-9025F72856AD}.Debug|iPhoneSimulator.ActiveCfg = Debug|iPhoneSimulator
		{E0E46864-1B75-47FF-B699-9025F72856AD}.Debug|iPhoneSimulator.Build.0 = Debug|iPhoneSimulator
		{E0E46864-1B75-47FF-B699-9025F72856AD}.Debug|iPhoneSimulator.Deploy.0 = Debug|iPhoneSimulator
		{E0E46864-1B75-47FF-B699-9025F72856AD}.Debug|x64.ActiveCfg = Debug|iPhone
		{E0E46864-1B75-47FF-B699-9025F72856AD}.Debug|x64.Build.0 = Debug|iPhone
		{E0E46864-1B75-47FF-B699-9025F72856AD}.Debug|x64.Deploy.0 = Debug|iPhone
		{E0E46864-1B75-47FF-B699-9025F72856AD}.Debug|x86.ActiveCfg = Debug|iPhoneSimulator
		{E0E46864-1B75-47FF-B699-9025F72856AD}.Debug|x86.Build.0 = Debug|iPhoneSimulator
		{E0E46864-1B75-47FF-B699-9025F72856AD}.Debug|x86.Deploy.0 = Debug|iPhoneSimulator
		{E0E46864-1B75-47FF-B699-9025F72856AD}.Release|Any CPU.ActiveCfg = Release|iPhoneSimulator
		{E0E46864-1B75-47FF-B699-9025F72856AD}.Release|Any CPU.Build.0 = Release|iPhoneSimulator
		{E0E46864-1B75-47FF-B699-9025F72856AD}.Release|Any CPU.Deploy.0 = Release|iPhoneSimulator
		{E0E46864-1B75-47FF-B699-9025F72856AD}.Release|ARM.ActiveCfg = Release|iPhoneSimulator
		{E0E46864-1B75-47FF-B699-9025F72856AD}.Release|ARM.Build.0 = Release|iPhoneSimulator
		{E0E46864-1B75-47FF-B699-9025F72856AD}.Release|ARM.Deploy.0 = Release|iPhoneSimulator
		{E0E46864-1B75-47FF-B699-9025F72856AD}.Release|iPhone.ActiveCfg = Release|iPhone
		{E0E46864-1B75-47FF-B699-9025F72856AD}.Release|iPhone.Build.0 = Release|iPhone
		{E0E46864-1B75-47FF-B699-9025F72856AD}.Release|iPhone.Deploy.0 = Release|iPhone
		{E0E46864-1B75-47FF-B699-9025F72856AD}.Release|iPhoneSimulator.ActiveCfg = Release|iPhoneSimulator
		{E0E46864-1B75-47FF-B699-9025F72856AD}.Release|iPhoneSimulator.Build.0 = Release|iPhoneSimulator
		{E0E46864-1B75-47FF-B699-9025F72856AD}.Release|iPhoneSimulator.Deploy.0 = Release|iPhoneSimulator
		{E0E46864-1B75-47FF-B699-9025F72856AD}.Release|x64.ActiveCfg = Release|iPhoneSimulator
		{E0E46864-1B75-47FF-B699-9025F72856AD}.Release|x64.Build.0 = Release|iPhoneSimulator
		{E0E46864-1B75-47FF-B699-9025F72856AD}.Release|x64.Deploy.0 = Release|iPhoneSimulator
		{E0E46864-1B75-47FF-B699-9025F72856AD}.Release|x86.ActiveCfg = Release|iPhoneSimulator
		{E0E46864-1B75-47FF-B699-9025F72856AD}.Release|x86.Build.0 = Release|iPhoneSimulator
		{E0E46864-1B75-47FF-B699-9025F72856AD}.Release|x86.Deploy.0 = Release|iPhoneSimulator
		{E5D58284-DF15-4127-B91D-0D281635298A}.Debug|Any CPU.ActiveCfg = Debug|Any CPU
		{E5D58284-DF15-4127-B91D-0D281635298A}.Debug|Any CPU.Build.0 = Debug|Any CPU
		{E5D58284-DF15-4127-B91D-0D281635298A}.Debug|Any CPU.Deploy.0 = Debug|Any CPU
		{E5D58284-DF15-4127-B91D-0D281635298A}.Debug|ARM.ActiveCfg = Debug|Any CPU
		{E5D58284-DF15-4127-B91D-0D281635298A}.Debug|ARM.Build.0 = Debug|Any CPU
		{E5D58284-DF15-4127-B91D-0D281635298A}.Debug|ARM.Deploy.0 = Debug|Any CPU
		{E5D58284-DF15-4127-B91D-0D281635298A}.Debug|iPhone.ActiveCfg = Debug|Any CPU
		{E5D58284-DF15-4127-B91D-0D281635298A}.Debug|iPhone.Build.0 = Debug|Any CPU
		{E5D58284-DF15-4127-B91D-0D281635298A}.Debug|iPhone.Deploy.0 = Debug|Any CPU
		{E5D58284-DF15-4127-B91D-0D281635298A}.Debug|iPhoneSimulator.ActiveCfg = Debug|Any CPU
		{E5D58284-DF15-4127-B91D-0D281635298A}.Debug|iPhoneSimulator.Build.0 = Debug|Any CPU
		{E5D58284-DF15-4127-B91D-0D281635298A}.Debug|iPhoneSimulator.Deploy.0 = Debug|Any CPU
		{E5D58284-DF15-4127-B91D-0D281635298A}.Debug|x64.ActiveCfg = Debug|Any CPU
		{E5D58284-DF15-4127-B91D-0D281635298A}.Debug|x64.Build.0 = Debug|Any CPU
		{E5D58284-DF15-4127-B91D-0D281635298A}.Debug|x64.Deploy.0 = Debug|Any CPU
		{E5D58284-DF15-4127-B91D-0D281635298A}.Debug|x86.ActiveCfg = Debug|Any CPU
		{E5D58284-DF15-4127-B91D-0D281635298A}.Debug|x86.Build.0 = Debug|Any CPU
		{E5D58284-DF15-4127-B91D-0D281635298A}.Debug|x86.Deploy.0 = Debug|Any CPU
		{E5D58284-DF15-4127-B91D-0D281635298A}.Release|Any CPU.ActiveCfg = Release|Any CPU
		{E5D58284-DF15-4127-B91D-0D281635298A}.Release|Any CPU.Build.0 = Release|Any CPU
		{E5D58284-DF15-4127-B91D-0D281635298A}.Release|Any CPU.Deploy.0 = Release|Any CPU
		{E5D58284-DF15-4127-B91D-0D281635298A}.Release|ARM.ActiveCfg = Release|Any CPU
		{E5D58284-DF15-4127-B91D-0D281635298A}.Release|ARM.Build.0 = Release|Any CPU
		{E5D58284-DF15-4127-B91D-0D281635298A}.Release|ARM.Deploy.0 = Release|Any CPU
		{E5D58284-DF15-4127-B91D-0D281635298A}.Release|iPhone.ActiveCfg = Release|Any CPU
		{E5D58284-DF15-4127-B91D-0D281635298A}.Release|iPhone.Build.0 = Release|Any CPU
		{E5D58284-DF15-4127-B91D-0D281635298A}.Release|iPhone.Deploy.0 = Release|Any CPU
		{E5D58284-DF15-4127-B91D-0D281635298A}.Release|iPhoneSimulator.ActiveCfg = Release|Any CPU
		{E5D58284-DF15-4127-B91D-0D281635298A}.Release|iPhoneSimulator.Build.0 = Release|Any CPU
		{E5D58284-DF15-4127-B91D-0D281635298A}.Release|iPhoneSimulator.Deploy.0 = Release|Any CPU
		{E5D58284-DF15-4127-B91D-0D281635298A}.Release|x64.ActiveCfg = Release|Any CPU
		{E5D58284-DF15-4127-B91D-0D281635298A}.Release|x64.Build.0 = Release|Any CPU
		{E5D58284-DF15-4127-B91D-0D281635298A}.Release|x64.Deploy.0 = Release|Any CPU
		{E5D58284-DF15-4127-B91D-0D281635298A}.Release|x86.ActiveCfg = Release|Any CPU
		{E5D58284-DF15-4127-B91D-0D281635298A}.Release|x86.Build.0 = Release|Any CPU
		{E5D58284-DF15-4127-B91D-0D281635298A}.Release|x86.Deploy.0 = Release|Any CPU
	EndGlobalSection
	GlobalSection(SolutionProperties) = preSolution
		HideSolutionNode = FALSE
	EndGlobalSection
	GlobalSection(ExtensibilityGlobals) = postSolution
		SolutionGuid = {5974E210-9189-4081-A067-D3F1D76BB0ED}
	EndGlobalSection
EndGlobal
