
Microsoft Visual Studio Solution File, Format Version 12.00
# Visual Studio Version 17
VisualStudioVersion = 17.0.31903.59
MinimumVisualStudioVersion = 10.0.40219.1
Project("{FAE04EC0-301F-11D3-BF4B-00C04F79EFBC}") = "SyncMe.DataAccess", "..\..\SyncMe\SyncMe.DataAccess\SyncMe.DataAccess.csproj", "{985F5273-8046-42CB-9B95-6DEDFA7E1347}"
EndProject
Project("{FAE04EC0-301F-11D3-BF4B-00C04F79EFBC}") = "SyncMe.AddMigration", "..\..\SyncMe.AddMigration\SyncMe.AddMigration.csproj", "{CF746C32-9C4A-4ABB-8E4C-13890EE72553}"
EndProject
Global
	GlobalSection(SolutionConfigurationPlatforms) = preSolution
		Debug|Any CPU = Debug|Any CPU
		Release|Any CPU = Release|Any CPU
	EndGlobalSection
	GlobalSection(ProjectConfigurationPlatforms) = postSolution
		{985F5273-8046-42CB-9B95-6DEDFA7E1347}.Debug|Any CPU.ActiveCfg = Debug|Any CPU
		{985F5273-8046-42CB-9B95-6DEDFA7E1347}.Debug|Any CPU.Build.0 = Debug|Any CPU
		{985F5273-8046-42CB-9B95-6DEDFA7E1347}.Release|Any CPU.ActiveCfg = Release|Any CPU
		{985F5273-8046-42CB-9B95-6DEDFA7E1347}.Release|Any CPU.Build.0 = Release|Any CPU
		{CF746C32-9C4A-4ABB-8E4C-13890EE72553}.Debug|Any CPU.ActiveCfg = Debug|Any CPU
		{CF746C32-9C4A-4ABB-8E4C-13890EE72553}.Debug|Any CPU.Build.0 = Debug|Any CPU
		{CF746C32-9C4A-4ABB-8E4C-13890EE72553}.Release|Any CPU.ActiveCfg = Release|Any CPU
		{CF746C32-9C4A-4ABB-8E4C-13890EE72553}.Release|Any CPU.Build.0 = Release|Any CPU
	EndGlobalSection
	GlobalSection(SolutionProperties) = preSolution
		HideSolutionNode = FALSE
	EndGlobalSection
	GlobalSection(ExtensibilityGlobals) = postSolution
		SolutionGuid = {06417F66-F3BC-4E1D-AC2F-A34A6DE560D6}
	EndGlobalSection
EndGlobal
