
Microsoft Visual Studio Solution File, Format Version 12.00
# Visual Studio Version 17
VisualStudioVersion = 17.0.31903.59
MinimumVisualStudioVersion = 10.0.40219.1
Project("{9A19103F-16F7-4668-BE54-9A1E7A4F7556}") = "SyncMe.CalendarProviders", "SyncMe.CalendarProviders\SyncMe.CalendarProviders.csproj", "{B3C9E0AB-B740-4421-ADA1-1A0ED54F389B}"
EndProject
Project("{9A19103F-16F7-4668-BE54-9A1E7A4F7556}") = "SyncMe.Common", "SyncMe.Common\SyncMe.Common.csproj", "{73EBC701-FFE2-4947-9CC5-8DA43989C673}"
EndProject
Project("{FAE04EC0-301F-11D3-BF4B-00C04F79EFBC}") = "SyncMe.Android", "SyncMe.Android\SyncMe.Android.csproj", "{64ECC97B-776C-4CCF-AE46-527C1947DE13}"
EndProject
Project("{9A19103F-16F7-4668-BE54-9A1E7A4F7556}") = "SyncMe.Lib", "SyncMe.Lib\SyncMe.Lib.csproj", "{CBF244C3-66F4-437B-B60A-290CC59B66EC}"
EndProject
Project("{9A19103F-16F7-4668-BE54-9A1E7A4F7556}") = "SyncMe.DataAccess", "SyncMe.DataAccess\SyncMe.DataAccess.csproj", "{F2014C1A-CBFF-4E29-84A3-46B25EA490F8}"
EndProject
Project("{FAE04EC0-301F-11D3-BF4B-00C04F79EFBC}") = "SyncMe.IOS", "SyncMe.IOS\SyncMe.IOS.csproj", "{0E1D2D45-C7CB-46DA-ABA6-7D920CF40D48}"
EndProject
Project("{2150E333-8FDC-42A3-9474-1A3956D46DE8}") = "Solution Items", "Solution Items", "{2B3520B4-CF6B-49FF-AA7E-5D2A252C77EB}"
	ProjectSection(SolutionItems) = preProject
		SyncMe.props = SyncMe.props
	EndProjectSection
EndProject
Global
	GlobalSection(SolutionConfigurationPlatforms) = preSolution
		Debug|Any CPU = Debug|Any CPU
		Debug|iPhone = Debug|iPhone
		Debug|iPhoneSimulator = Debug|iPhoneSimulator
		Release|Any CPU = Release|Any CPU
		Release|iPhone = Release|iPhone
		Release|iPhoneSimulator = Release|iPhoneSimulator
	EndGlobalSection
	GlobalSection(ProjectConfigurationPlatforms) = postSolution
		{B3C9E0AB-B740-4421-ADA1-1A0ED54F389B}.Debug|Any CPU.ActiveCfg = Debug|Any CPU
		{B3C9E0AB-B740-4421-ADA1-1A0ED54F389B}.Debug|Any CPU.Build.0 = Debug|Any CPU
		{B3C9E0AB-B740-4421-ADA1-1A0ED54F389B}.Debug|iPhone.ActiveCfg = Debug|Any CPU
		{B3C9E0AB-B740-4421-ADA1-1A0ED54F389B}.Debug|iPhone.Build.0 = Debug|Any CPU
		{B3C9E0AB-B740-4421-ADA1-1A0ED54F389B}.Debug|iPhoneSimulator.ActiveCfg = Debug|Any CPU
		{B3C9E0AB-B740-4421-ADA1-1A0ED54F389B}.Debug|iPhoneSimulator.Build.0 = Debug|Any CPU
		{B3C9E0AB-B740-4421-ADA1-1A0ED54F389B}.Release|Any CPU.ActiveCfg = Release|Any CPU
		{B3C9E0AB-B740-4421-ADA1-1A0ED54F389B}.Release|Any CPU.Build.0 = Release|Any CPU
		{B3C9E0AB-B740-4421-ADA1-1A0ED54F389B}.Release|iPhone.ActiveCfg = Release|Any CPU
		{B3C9E0AB-B740-4421-ADA1-1A0ED54F389B}.Release|iPhone.Build.0 = Release|Any CPU
		{B3C9E0AB-B740-4421-ADA1-1A0ED54F389B}.Release|iPhoneSimulator.ActiveCfg = Release|Any CPU
		{B3C9E0AB-B740-4421-ADA1-1A0ED54F389B}.Release|iPhoneSimulator.Build.0 = Release|Any CPU
		{73EBC701-FFE2-4947-9CC5-8DA43989C673}.Debug|Any CPU.ActiveCfg = Debug|Any CPU
		{73EBC701-FFE2-4947-9CC5-8DA43989C673}.Debug|Any CPU.Build.0 = Debug|Any CPU
		{73EBC701-FFE2-4947-9CC5-8DA43989C673}.Debug|iPhone.ActiveCfg = Debug|Any CPU
		{73EBC701-FFE2-4947-9CC5-8DA43989C673}.Debug|iPhone.Build.0 = Debug|Any CPU
		{73EBC701-FFE2-4947-9CC5-8DA43989C673}.Debug|iPhoneSimulator.ActiveCfg = Debug|Any CPU
		{73EBC701-FFE2-4947-9CC5-8DA43989C673}.Debug|iPhoneSimulator.Build.0 = Debug|Any CPU
		{73EBC701-FFE2-4947-9CC5-8DA43989C673}.Release|Any CPU.ActiveCfg = Release|Any CPU
		{73EBC701-FFE2-4947-9CC5-8DA43989C673}.Release|Any CPU.Build.0 = Release|Any CPU
		{73EBC701-FFE2-4947-9CC5-8DA43989C673}.Release|iPhone.ActiveCfg = Release|Any CPU
		{73EBC701-FFE2-4947-9CC5-8DA43989C673}.Release|iPhone.Build.0 = Release|Any CPU
		{73EBC701-FFE2-4947-9CC5-8DA43989C673}.Release|iPhoneSimulator.ActiveCfg = Release|Any CPU
		{73EBC701-FFE2-4947-9CC5-8DA43989C673}.Release|iPhoneSimulator.Build.0 = Release|Any CPU
		{64ECC97B-776C-4CCF-AE46-527C1947DE13}.Debug|Any CPU.ActiveCfg = Debug|Any CPU
		{64ECC97B-776C-4CCF-AE46-527C1947DE13}.Debug|Any CPU.Build.0 = Debug|Any CPU
		{64ECC97B-776C-4CCF-AE46-527C1947DE13}.Debug|Any CPU.Deploy.0 = Debug|Any CPU
		{64ECC97B-776C-4CCF-AE46-527C1947DE13}.Debug|iPhone.ActiveCfg = Debug|Any CPU
		{64ECC97B-776C-4CCF-AE46-527C1947DE13}.Debug|iPhone.Build.0 = Debug|Any CPU
		{64ECC97B-776C-4CCF-AE46-527C1947DE13}.Debug|iPhone.Deploy.0 = Debug|Any CPU
		{64ECC97B-776C-4CCF-AE46-527C1947DE13}.Debug|iPhoneSimulator.ActiveCfg = Debug|Any CPU
		{64ECC97B-776C-4CCF-AE46-527C1947DE13}.Debug|iPhoneSimulator.Build.0 = Debug|Any CPU
		{64ECC97B-776C-4CCF-AE46-527C1947DE13}.Debug|iPhoneSimulator.Deploy.0 = Debug|Any CPU
		{64ECC97B-776C-4CCF-AE46-527C1947DE13}.Release|Any CPU.ActiveCfg = Release|Any CPU
		{64ECC97B-776C-4CCF-AE46-527C1947DE13}.Release|Any CPU.Build.0 = Release|Any CPU
		{64ECC97B-776C-4CCF-AE46-527C1947DE13}.Release|Any CPU.Deploy.0 = Release|Any CPU
		{64ECC97B-776C-4CCF-AE46-527C1947DE13}.Release|iPhone.ActiveCfg = Release|Any CPU
		{64ECC97B-776C-4CCF-AE46-527C1947DE13}.Release|iPhone.Build.0 = Release|Any CPU
		{64ECC97B-776C-4CCF-AE46-527C1947DE13}.Release|iPhone.Deploy.0 = Release|Any CPU
		{64ECC97B-776C-4CCF-AE46-527C1947DE13}.Release|iPhoneSimulator.ActiveCfg = Release|Any CPU
		{64ECC97B-776C-4CCF-AE46-527C1947DE13}.Release|iPhoneSimulator.Build.0 = Release|Any CPU
		{64ECC97B-776C-4CCF-AE46-527C1947DE13}.Release|iPhoneSimulator.Deploy.0 = Release|Any CPU
		{CBF244C3-66F4-437B-B60A-290CC59B66EC}.Debug|Any CPU.ActiveCfg = Debug|Any CPU
		{CBF244C3-66F4-437B-B60A-290CC59B66EC}.Debug|Any CPU.Build.0 = Debug|Any CPU
		{CBF244C3-66F4-437B-B60A-290CC59B66EC}.Debug|iPhone.ActiveCfg = Debug|Any CPU
		{CBF244C3-66F4-437B-B60A-290CC59B66EC}.Debug|iPhone.Build.0 = Debug|Any CPU
		{CBF244C3-66F4-437B-B60A-290CC59B66EC}.Debug|iPhoneSimulator.ActiveCfg = Debug|Any CPU
		{CBF244C3-66F4-437B-B60A-290CC59B66EC}.Debug|iPhoneSimulator.Build.0 = Debug|Any CPU
		{CBF244C3-66F4-437B-B60A-290CC59B66EC}.Release|Any CPU.ActiveCfg = Release|Any CPU
		{CBF244C3-66F4-437B-B60A-290CC59B66EC}.Release|Any CPU.Build.0 = Release|Any CPU
		{CBF244C3-66F4-437B-B60A-290CC59B66EC}.Release|iPhone.ActiveCfg = Release|Any CPU
		{CBF244C3-66F4-437B-B60A-290CC59B66EC}.Release|iPhone.Build.0 = Release|Any CPU
		{CBF244C3-66F4-437B-B60A-290CC59B66EC}.Release|iPhoneSimulator.ActiveCfg = Release|Any CPU
		{CBF244C3-66F4-437B-B60A-290CC59B66EC}.Release|iPhoneSimulator.Build.0 = Release|Any CPU
		{F2014C1A-CBFF-4E29-84A3-46B25EA490F8}.Debug|Any CPU.ActiveCfg = Debug|Any CPU
		{F2014C1A-CBFF-4E29-84A3-46B25EA490F8}.Debug|Any CPU.Build.0 = Debug|Any CPU
		{F2014C1A-CBFF-4E29-84A3-46B25EA490F8}.Debug|iPhone.ActiveCfg = Debug|Any CPU
		{F2014C1A-CBFF-4E29-84A3-46B25EA490F8}.Debug|iPhone.Build.0 = Debug|Any CPU
		{F2014C1A-CBFF-4E29-84A3-46B25EA490F8}.Debug|iPhoneSimulator.ActiveCfg = Debug|Any CPU
		{F2014C1A-CBFF-4E29-84A3-46B25EA490F8}.Debug|iPhoneSimulator.Build.0 = Debug|Any CPU
		{F2014C1A-CBFF-4E29-84A3-46B25EA490F8}.Release|Any CPU.ActiveCfg = Release|Any CPU
		{F2014C1A-CBFF-4E29-84A3-46B25EA490F8}.Release|Any CPU.Build.0 = Release|Any CPU
		{F2014C1A-CBFF-4E29-84A3-46B25EA490F8}.Release|iPhone.ActiveCfg = Release|Any CPU
		{F2014C1A-CBFF-4E29-84A3-46B25EA490F8}.Release|iPhone.Build.0 = Release|Any CPU
		{F2014C1A-CBFF-4E29-84A3-46B25EA490F8}.Release|iPhoneSimulator.ActiveCfg = Release|Any CPU
		{F2014C1A-CBFF-4E29-84A3-46B25EA490F8}.Release|iPhoneSimulator.Build.0 = Release|Any CPU
		{0E1D2D45-C7CB-46DA-ABA6-7D920CF40D48}.Debug|Any CPU.ActiveCfg = Debug|iPhoneSimulator
		{0E1D2D45-C7CB-46DA-ABA6-7D920CF40D48}.Debug|Any CPU.Build.0 = Debug|iPhoneSimulator
		{0E1D2D45-C7CB-46DA-ABA6-7D920CF40D48}.Debug|iPhone.ActiveCfg = Release|iPhone
		{0E1D2D45-C7CB-46DA-ABA6-7D920CF40D48}.Debug|iPhone.Build.0 = Release|iPhone
		{0E1D2D45-C7CB-46DA-ABA6-7D920CF40D48}.Debug|iPhone.Deploy.0 = Release|iPhone
		{0E1D2D45-C7CB-46DA-ABA6-7D920CF40D48}.Debug|iPhoneSimulator.ActiveCfg = Debug|iPhoneSimulator
		{0E1D2D45-C7CB-46DA-ABA6-7D920CF40D48}.Debug|iPhoneSimulator.Build.0 = Debug|iPhoneSimulator
		{0E1D2D45-C7CB-46DA-ABA6-7D920CF40D48}.Release|Any CPU.ActiveCfg = Release|iPhoneSimulator
		{0E1D2D45-C7CB-46DA-ABA6-7D920CF40D48}.Release|Any CPU.Build.0 = Release|iPhoneSimulator
		{0E1D2D45-C7CB-46DA-ABA6-7D920CF40D48}.Release|iPhone.ActiveCfg = Debug|iPhoneSimulator
		{0E1D2D45-C7CB-46DA-ABA6-7D920CF40D48}.Release|iPhone.Build.0 = Debug|iPhoneSimulator
		{0E1D2D45-C7CB-46DA-ABA6-7D920CF40D48}.Release|iPhoneSimulator.ActiveCfg = Release|iPhoneSimulator
		{0E1D2D45-C7CB-46DA-ABA6-7D920CF40D48}.Release|iPhoneSimulator.Build.0 = Release|iPhoneSimulator
	EndGlobalSection
	GlobalSection(SolutionProperties) = preSolution
		HideSolutionNode = FALSE
	EndGlobalSection
	GlobalSection(ExtensibilityGlobals) = postSolution
		SolutionGuid = {754D2DAE-DC09-46DD-A333-DC2DD083C594}
	EndGlobalSection
EndGlobal
