
Microsoft Visual Studio Solution File, Format Version 12.00
# Visual Studio Version 17
VisualStudioVersion = 17.0.31903.59
MinimumVisualStudioVersion = 10.0.40219.1
Project("{FAE04EC0-301F-11D3-BF4B-00C04F79EFBC}") = "SyncMe.Android", "SyncMe\SyncMe.Android\SyncMe.Android.csproj", "{64ECC97B-776C-4CCF-AE46-527C1947DE13}"
EndProject
Project("{FAE04EC0-301F-11D3-BF4B-00C04F79EFBC}") = "SyncMe", "SyncMe\SyncMe\SyncMe.csproj", "{9B592FAF-30C8-492B-9E3B-5CB295E83AF3}"
EndProject
Global
	GlobalSection(SolutionConfigurationPlatforms) = preSolution
		Debug|Any CPU = Debug|Any CPU
		Release|Any CPU = Release|Any CPU
	EndGlobalSection
	GlobalSection(ProjectConfigurationPlatforms) = postSolution
		{64ECC97B-776C-4CCF-AE46-527C1947DE13}.Debug|Any CPU.ActiveCfg = Debug|Any CPU
		{64ECC97B-776C-4CCF-AE46-527C1947DE13}.Debug|Any CPU.Build.0 = Debug|Any CPU
		{64ECC97B-776C-4CCF-AE46-527C1947DE13}.Debug|Any CPU.Deploy.0 = Debug|Any CPU
		{64ECC97B-776C-4CCF-AE46-527C1947DE13}.Release|Any CPU.ActiveCfg = Release|Any CPU
		{64ECC97B-776C-4CCF-AE46-527C1947DE13}.Release|Any CPU.Build.0 = Release|Any CPU
		{64ECC97B-776C-4CCF-AE46-527C1947DE13}.Release|Any CPU.Deploy.0 = Release|Any CPU
		{9B592FAF-30C8-492B-9E3B-5CB295E83AF3}.Debug|Any CPU.ActiveCfg = Debug|Any CPU
		{9B592FAF-30C8-492B-9E3B-5CB295E83AF3}.Debug|Any CPU.Build.0 = Debug|Any CPU
		{9B592FAF-30C8-492B-9E3B-5CB295E83AF3}.Debug|Any CPU.Deploy.0 = Debug|Any CPU
		{9B592FAF-30C8-492B-9E3B-5CB295E83AF3}.Release|Any CPU.ActiveCfg = Release|Any CPU
		{9B592FAF-30C8-492B-9E3B-5CB295E83AF3}.Release|Any CPU.Build.0 = Release|Any CPU
		{9B592FAF-30C8-492B-9E3B-5CB295E83AF3}.Release|Any CPU.Deploy.0 = Release|Any CPU
	EndGlobalSection
	GlobalSection(SolutionProperties) = preSolution
		HideSolutionNode = FALSE
	EndGlobalSection
	GlobalSection(ExtensibilityGlobals) = postSolution
		SolutionGuid = {754D2DAE-DC09-46DD-A333-DC2DD083C594}
	EndGlobalSection
EndGlobal
